
Microsoft Visual Studio Solution File, Format Version 12.00
# Visual Studio Version 16
VisualStudioVersion = 16.0.29230.61
MinimumVisualStudioVersion = 10.0.40219.1
Project("{9A19103F-16F7-4668-BE54-9A1E7A4F7556}") = "AMS.API", "AMS.API\AMS.API.csproj", "{A534BA60-15B2-448B-8F7A-567236E79851}"
EndProject
Project("{9A19103F-16F7-4668-BE54-9A1E7A4F7556}") = "AMS.Bussiness", "AMS.Bussiness\AMS.Bussiness.csproj", "{8304B124-3B1E-4809-B001-C2A369A59F4D}"
EndProject
Project("{9A19103F-16F7-4668-BE54-9A1E7A4F7556}") = "AMS.IService", "AMS.IService\AMS.IService.csproj", "{B5CE3098-5EA8-415A-BF20-F0239CC49A2B}"
EndProject
Project("{9A19103F-16F7-4668-BE54-9A1E7A4F7556}") = "AMS.Service", "AMS.Service\AMS.Service.csproj", "{B6C4AF9D-8BA8-4375-A433-DFEC35A9DF5B}"
EndProject
Project("{9A19103F-16F7-4668-BE54-9A1E7A4F7556}") = "AMS.Entity", "AMS.Entity\AMS.Entity.csproj", "{126E92C1-FFC3-4E6A-9DB1-32E8185CA8DB}"
EndProject
Project("{9A19103F-16F7-4668-BE54-9A1E7A4F7556}") = "AMS.Model", "AMS.Model\AMS.Model.csproj", "{A12F8CA7-6646-41A3-89EF-6D28A5088272}"
EndProject
Project("{2150E333-8FDC-42A3-9474-1A3956D46DE8}") = "AMS.Data", "AMS.Data", "{76722525-900E-4997-8AD1-F8347697D0CE}"
EndProject
Project("{2150E333-8FDC-42A3-9474-1A3956D46DE8}") = "AMS.Domain", "AMS.Domain", "{0F506C95-BF50-4C52-8F46-30BD84899A24}"
EndProject
Global
	GlobalSection(SolutionConfigurationPlatforms) = preSolution
		Debug|Any CPU = Debug|Any CPU
		Release|Any CPU = Release|Any CPU
	EndGlobalSection
	GlobalSection(ProjectConfigurationPlatforms) = postSolution
		{A534BA60-15B2-448B-8F7A-567236E79851}.Debug|Any CPU.ActiveCfg = Debug|Any CPU
		{A534BA60-15B2-448B-8F7A-567236E79851}.Debug|Any CPU.Build.0 = Debug|Any CPU
		{A534BA60-15B2-448B-8F7A-567236E79851}.Release|Any CPU.ActiveCfg = Release|Any CPU
		{A534BA60-15B2-448B-8F7A-567236E79851}.Release|Any CPU.Build.0 = Release|Any CPU
		{8304B124-3B1E-4809-B001-C2A369A59F4D}.Debug|Any CPU.ActiveCfg = Debug|Any CPU
		{8304B124-3B1E-4809-B001-C2A369A59F4D}.Debug|Any CPU.Build.0 = Debug|Any CPU
		{8304B124-3B1E-4809-B001-C2A369A59F4D}.Release|Any CPU.ActiveCfg = Release|Any CPU
		{8304B124-3B1E-4809-B001-C2A369A59F4D}.Release|Any CPU.Build.0 = Release|Any CPU
		{B5CE3098-5EA8-415A-BF20-F0239CC49A2B}.Debug|Any CPU.ActiveCfg = Debug|Any CPU
		{B5CE3098-5EA8-415A-BF20-F0239CC49A2B}.Debug|Any CPU.Build.0 = Debug|Any CPU
		{B5CE3098-5EA8-415A-BF20-F0239CC49A2B}.Release|Any CPU.ActiveCfg = Release|Any CPU
		{B5CE3098-5EA8-415A-BF20-F0239CC49A2B}.Release|Any CPU.Build.0 = Release|Any CPU
		{B6C4AF9D-8BA8-4375-A433-DFEC35A9DF5B}.Debug|Any CPU.ActiveCfg = Debug|Any CPU
		{B6C4AF9D-8BA8-4375-A433-DFEC35A9DF5B}.Debug|Any CPU.Build.0 = Debug|Any CPU
		{B6C4AF9D-8BA8-4375-A433-DFEC35A9DF5B}.Release|Any CPU.ActiveCfg = Release|Any CPU
		{B6C4AF9D-8BA8-4375-A433-DFEC35A9DF5B}.Release|Any CPU.Build.0 = Release|Any CPU
		{126E92C1-FFC3-4E6A-9DB1-32E8185CA8DB}.Debug|Any CPU.ActiveCfg = Debug|Any CPU
		{126E92C1-FFC3-4E6A-9DB1-32E8185CA8DB}.Debug|Any CPU.Build.0 = Debug|Any CPU
		{126E92C1-FFC3-4E6A-9DB1-32E8185CA8DB}.Release|Any CPU.ActiveCfg = Release|Any CPU
		{126E92C1-FFC3-4E6A-9DB1-32E8185CA8DB}.Release|Any CPU.Build.0 = Release|Any CPU
		{A12F8CA7-6646-41A3-89EF-6D28A5088272}.Debug|Any CPU.ActiveCfg = Debug|Any CPU
		{A12F8CA7-6646-41A3-89EF-6D28A5088272}.Debug|Any CPU.Build.0 = Debug|Any CPU
		{A12F8CA7-6646-41A3-89EF-6D28A5088272}.Release|Any CPU.ActiveCfg = Release|Any CPU
		{A12F8CA7-6646-41A3-89EF-6D28A5088272}.Release|Any CPU.Build.0 = Release|Any CPU
	EndGlobalSection
	GlobalSection(SolutionProperties) = preSolution
		HideSolutionNode = FALSE
	EndGlobalSection
	GlobalSection(NestedProjects) = preSolution
		{8304B124-3B1E-4809-B001-C2A369A59F4D} = {0F506C95-BF50-4C52-8F46-30BD84899A24}
		{B5CE3098-5EA8-415A-BF20-F0239CC49A2B} = {0F506C95-BF50-4C52-8F46-30BD84899A24}
		{B6C4AF9D-8BA8-4375-A433-DFEC35A9DF5B} = {76722525-900E-4997-8AD1-F8347697D0CE}
		{126E92C1-FFC3-4E6A-9DB1-32E8185CA8DB} = {76722525-900E-4997-8AD1-F8347697D0CE}
		{A12F8CA7-6646-41A3-89EF-6D28A5088272} = {76722525-900E-4997-8AD1-F8347697D0CE}
	EndGlobalSection
	GlobalSection(ExtensibilityGlobals) = postSolution
		SolutionGuid = {E60DACF0-9BA8-4106-9ACF-ADD4D89014D0}
	EndGlobalSection
EndGlobal
